
Microsoft Visual Studio Solution File, Format Version 12.00
# Visual Studio 15
VisualStudioVersion = 15.0.26430.13
MinimumVisualStudioVersion = 10.0.40219.1
Project("{9A19103F-16F7-4668-BE54-9A1E7A4F7556}") = "Deltavicore11.web_app", "Deltavicore11.web_app\Deltavicore11.web_app.csproj", "{48236270-0827-4D2B-88E5-BB5467EAFABB}"
EndProject
Project("{9A19103F-16F7-4668-BE54-9A1E7A4F7556}") = "Expenses.core", "Expenses.core\Expenses.core.csproj", "{988D3EE7-5098-49CD-A8E1-331B55F92351}"
EndProject
Project("{9A19103F-16F7-4668-BE54-9A1E7A4F7556}") = "Expenses.data.entityframework", "Expenses.data.entityframework\Expenses.data.entityframework.csproj", "{8F5F5AD5-E56A-4F58-9F01-6573826DFCC9}"
EndProject
Project("{9A19103F-16F7-4668-BE54-9A1E7A4F7556}") = "Expenses.common.interfaces", "Expenses.common\Expenses.common.interfaces.csproj", "{6E899748-0365-4326-A6B1-C45627C67A83}"
EndProject
Project("{9A19103F-16F7-4668-BE54-9A1E7A4F7556}") = "Expenses.business", "Expenses.business\Expenses.business.csproj", "{BE6564BB-4FAD-418F-B8A9-82610F9608A2}"
EndProject
Project("{9A19103F-16F7-4668-BE54-9A1E7A4F7556}") = "Expenses.entityframework.repository", "Expemses.data.repository\Expenses.entityframework.repository.csproj", "{EAC6F0B4-5D07-4512-8A16-62D1D4221B4E}"
EndProject
Project("{9A19103F-16F7-4668-BE54-9A1E7A4F7556}") = "Expenses.identity", "Identity\Expenses.identity.csproj", "{3D30BBE1-4411-4809-B76A-479CEEB4D45A}"
EndProject
Project("{9A19103F-16F7-4668-BE54-9A1E7A4F7556}") = "Expenses.common.code", "Expenses.business.common\Expenses.common.code.csproj", "{42EE68E4-F539-47D7-85DE-00C548707F8A}"
EndProject
Project("{FAE04EC0-301F-11D3-BF4B-00C04F79EFBC}") = "Deltavicore11.webapi", "Deltavicore11.webapi\Deltavicore11.webapi.csproj", "{D53C6E97-EDFC-465C-9185-AAACDC781A62}"
EndProject
Global
	GlobalSection(SolutionConfigurationPlatforms) = preSolution
		Debug|Any CPU = Debug|Any CPU
		Release|Any CPU = Release|Any CPU
	EndGlobalSection
	GlobalSection(ProjectConfigurationPlatforms) = postSolution
		{48236270-0827-4D2B-88E5-BB5467EAFABB}.Debug|Any CPU.ActiveCfg = Debug|Any CPU
		{48236270-0827-4D2B-88E5-BB5467EAFABB}.Debug|Any CPU.Build.0 = Debug|Any CPU
		{48236270-0827-4D2B-88E5-BB5467EAFABB}.Release|Any CPU.ActiveCfg = Release|Any CPU
		{48236270-0827-4D2B-88E5-BB5467EAFABB}.Release|Any CPU.Build.0 = Release|Any CPU
		{988D3EE7-5098-49CD-A8E1-331B55F92351}.Debug|Any CPU.ActiveCfg = Debug|Any CPU
		{988D3EE7-5098-49CD-A8E1-331B55F92351}.Debug|Any CPU.Build.0 = Debug|Any CPU
		{988D3EE7-5098-49CD-A8E1-331B55F92351}.Release|Any CPU.ActiveCfg = Release|Any CPU
		{988D3EE7-5098-49CD-A8E1-331B55F92351}.Release|Any CPU.Build.0 = Release|Any CPU
		{8F5F5AD5-E56A-4F58-9F01-6573826DFCC9}.Debug|Any CPU.ActiveCfg = Debug|Any CPU
		{8F5F5AD5-E56A-4F58-9F01-6573826DFCC9}.Debug|Any CPU.Build.0 = Debug|Any CPU
		{8F5F5AD5-E56A-4F58-9F01-6573826DFCC9}.Release|Any CPU.ActiveCfg = Release|Any CPU
		{8F5F5AD5-E56A-4F58-9F01-6573826DFCC9}.Release|Any CPU.Build.0 = Release|Any CPU
		{6E899748-0365-4326-A6B1-C45627C67A83}.Debug|Any CPU.ActiveCfg = Debug|Any CPU
		{6E899748-0365-4326-A6B1-C45627C67A83}.Debug|Any CPU.Build.0 = Debug|Any CPU
		{6E899748-0365-4326-A6B1-C45627C67A83}.Release|Any CPU.ActiveCfg = Release|Any CPU
		{6E899748-0365-4326-A6B1-C45627C67A83}.Release|Any CPU.Build.0 = Release|Any CPU
		{BE6564BB-4FAD-418F-B8A9-82610F9608A2}.Debug|Any CPU.ActiveCfg = Debug|Any CPU
		{BE6564BB-4FAD-418F-B8A9-82610F9608A2}.Debug|Any CPU.Build.0 = Debug|Any CPU
		{BE6564BB-4FAD-418F-B8A9-82610F9608A2}.Release|Any CPU.ActiveCfg = Release|Any CPU
		{BE6564BB-4FAD-418F-B8A9-82610F9608A2}.Release|Any CPU.Build.0 = Release|Any CPU
		{EAC6F0B4-5D07-4512-8A16-62D1D4221B4E}.Debug|Any CPU.ActiveCfg = Debug|Any CPU
		{EAC6F0B4-5D07-4512-8A16-62D1D4221B4E}.Debug|Any CPU.Build.0 = Debug|Any CPU
		{EAC6F0B4-5D07-4512-8A16-62D1D4221B4E}.Release|Any CPU.ActiveCfg = Release|Any CPU
		{EAC6F0B4-5D07-4512-8A16-62D1D4221B4E}.Release|Any CPU.Build.0 = Release|Any CPU
		{3D30BBE1-4411-4809-B76A-479CEEB4D45A}.Debug|Any CPU.ActiveCfg = Debug|Any CPU
		{3D30BBE1-4411-4809-B76A-479CEEB4D45A}.Debug|Any CPU.Build.0 = Debug|Any CPU
		{3D30BBE1-4411-4809-B76A-479CEEB4D45A}.Release|Any CPU.ActiveCfg = Release|Any CPU
		{3D30BBE1-4411-4809-B76A-479CEEB4D45A}.Release|Any CPU.Build.0 = Release|Any CPU
		{42EE68E4-F539-47D7-85DE-00C548707F8A}.Debug|Any CPU.ActiveCfg = Debug|Any CPU
		{42EE68E4-F539-47D7-85DE-00C548707F8A}.Debug|Any CPU.Build.0 = Debug|Any CPU
		{42EE68E4-F539-47D7-85DE-00C548707F8A}.Release|Any CPU.ActiveCfg = Release|Any CPU
		{42EE68E4-F539-47D7-85DE-00C548707F8A}.Release|Any CPU.Build.0 = Release|Any CPU
		{D53C6E97-EDFC-465C-9185-AAACDC781A62}.Debug|Any CPU.ActiveCfg = Debug|Any CPU
		{D53C6E97-EDFC-465C-9185-AAACDC781A62}.Debug|Any CPU.Build.0 = Debug|Any CPU
		{D53C6E97-EDFC-465C-9185-AAACDC781A62}.Release|Any CPU.ActiveCfg = Release|Any CPU
		{D53C6E97-EDFC-465C-9185-AAACDC781A62}.Release|Any CPU.Build.0 = Release|Any CPU
	EndGlobalSection
	GlobalSection(SolutionProperties) = preSolution
		HideSolutionNode = FALSE
	EndGlobalSection
EndGlobal
